
Microsoft Visual Studio Solution File, Format Version 12.00
# Visual Studio Version 16
VisualStudioVersion = 16.0.32929.386
MinimumVisualStudioVersion = 10.0.40219.1
Project("{FAE04EC0-301F-11D3-BF4B-00C04F79EFBC}") = "B-E-Task6", "B-E-Task6\B-E-Task6.csproj", "{DC418471-D784-4D8C-8A55-62F0A62F7E1B}"
EndProject
Global
	GlobalSection(SolutionConfigurationPlatforms) = preSolution
		Debug|Any CPU = Debug|Any CPU
		Release|Any CPU = Release|Any CPU
	EndGlobalSection
	GlobalSection(ProjectConfigurationPlatforms) = postSolution
		{DC418471-D784-4D8C-8A55-62F0A62F7E1B}.Debug|Any CPU.ActiveCfg = Debug|Any CPU
		{DC418471-D784-4D8C-8A55-62F0A62F7E1B}.Debug|Any CPU.Build.0 = Debug|Any CPU
		{DC418471-D784-4D8C-8A55-62F0A62F7E1B}.Release|Any CPU.ActiveCfg = Release|Any CPU
		{DC418471-D784-4D8C-8A55-62F0A62F7E1B}.Release|Any CPU.Build.0 = Release|Any CPU
	EndGlobalSection
	GlobalSection(SolutionProperties) = preSolution
		HideSolutionNode = FALSE
	EndGlobalSection
	GlobalSection(ExtensibilityGlobals) = postSolution
		SolutionGuid = {6060DEAC-A4E9-4454-9A59-4AA283DE7975}
	EndGlobalSection
EndGlobal
